{
    "_meta": {
        "hash": {
            "sha256": "a705c35f99eae15b631721e4fb90a3ce0c1fb11ba0d1e01f22adedb8e969b7d1"
        },
        "pipfile-spec": 1,
        "requires": {},
        "sources": [
            {
                "url": "https://pypi.python.org/simple",
                "verify_ssl": true
            }
        ]
    },
    "default": {
        "six": {
            "version": "==1.10.0"
        }
    },
    "develop": {
        "coverage": {
            "version": "==4.4.1"
        },
        "flake8": {
            "version": "==3.4.1"
        },
        "mccabe": {
            "version": "==0.6.1"
        },
        "py": {
            "version": "==1.4.34"
        },
        "pycodestyle": {
            "version": "==2.3.1"
        },
        "pyflakes": {
            "version": "==1.5.0"
        },
        "pytest": {
            "version": "==3.2.1"
        },
        "pytest-cov": {
            "version": "==2.5.1"
        },
        "pytest-pythonpath": {
            "version": "==0.7.1"
        }
    }
}
